
Microsoft Visual Studio Solution File, Format Version 12.00
# Visual Studio Version 17
VisualStudioVersion = 17.3.32929.385
MinimumVisualStudioVersion = 10.0.40219.1
Project("{FAE04EC0-301F-11D3-BF4B-00C04F79EFBC}") = "ms-catalog", "ms-catalog\ms-catalog.csproj", "{1D393369-C2EB-4539-9781-509A843AB71B}"
EndProject
Global
	GlobalSection(SolutionConfigurationPlatforms) = preSolution
		Debug|Any CPU = Debug|Any CPU
		Release|Any CPU = Release|Any CPU
	EndGlobalSection
	GlobalSection(ProjectConfigurationPlatforms) = postSolution
		{1D393369-C2EB-4539-9781-509A843AB71B}.Debug|Any CPU.ActiveCfg = Debug|Any CPU
		{1D393369-C2EB-4539-9781-509A843AB71B}.Debug|Any CPU.Build.0 = Debug|Any CPU
		{1D393369-C2EB-4539-9781-509A843AB71B}.Release|Any CPU.ActiveCfg = Release|Any CPU
		{1D393369-C2EB-4539-9781-509A843AB71B}.Release|Any CPU.Build.0 = Release|Any CPU
	EndGlobalSection
	GlobalSection(SolutionProperties) = preSolution
		HideSolutionNode = FALSE
	EndGlobalSection
	GlobalSection(ExtensibilityGlobals) = postSolution
		SolutionGuid = {CC92E803-B6CD-4AC3-A4BB-3473DB0F3810}
	EndGlobalSection
EndGlobal
